
Microsoft Visual Studio Solution File, Format Version 12.00
# Visual Studio Version 16
VisualStudioVersion = 25.0.1705.0
MinimumVisualStudioVersion = 10.0.40219.1
Project("{FAE04EC0-301F-11D3-BF4B-00C04F79EFBC}") = "Student Database Lab", "Student Database Lab\Student Database Lab.csproj", "{7FF33050-FD49-4F88-B609-688841A0EEA7}"
EndProject
Global
	GlobalSection(SolutionConfigurationPlatforms) = preSolution
		Debug|Any CPU = Debug|Any CPU
		Release|Any CPU = Release|Any CPU
	EndGlobalSection
	GlobalSection(ProjectConfigurationPlatforms) = postSolution
		{7FF33050-FD49-4F88-B609-688841A0EEA7}.Debug|Any CPU.ActiveCfg = Debug|Any CPU
		{7FF33050-FD49-4F88-B609-688841A0EEA7}.Debug|Any CPU.Build.0 = Debug|Any CPU
		{7FF33050-FD49-4F88-B609-688841A0EEA7}.Release|Any CPU.ActiveCfg = Release|Any CPU
		{7FF33050-FD49-4F88-B609-688841A0EEA7}.Release|Any CPU.Build.0 = Release|Any CPU
	EndGlobalSection
	GlobalSection(SolutionProperties) = preSolution
		HideSolutionNode = FALSE
	EndGlobalSection
	GlobalSection(ExtensibilityGlobals) = postSolution
		SolutionGuid = {C3520718-F9B1-4345-BAE3-6C09C1CFBA97}
	EndGlobalSection
EndGlobal
